// !$*UTF8*$!
{
	archiveVersion = 1;
	classes = {
	};
	objectVersion = 46;
	objects = {

/* Begin PBXBuildFile section */
		20B771C519864D7092D40871 /* libPods-BodyShots.a in Frameworks */ = {isa = PBXBuildFile; fileRef = 4437FC3C3AAE4BA196FCA684 /* libPods-BodyShots.a */; };
		4C850D6E194496010005A492 /* FinishSetupViewController.m in Sources */ = {isa = PBXBuildFile; fileRef = 4C850D6D194496010005A492 /* FinishSetupViewController.m */; };
		4C850D71194498520005A492 /* ImportFinishedViewController.m in Sources */ = {isa = PBXBuildFile; fileRef = 4C850D70194498520005A492 /* ImportFinishedViewController.m */; };
		4C850D751944A1AA0005A492 /* NSArray+Functional.m in Sources */ = {isa = PBXBuildFile; fileRef = 4C850D741944A1AA0005A492 /* NSArray+Functional.m */; };
		4C956BC919435F9200CA299D /* AssetsLibrary.framework in Frameworks */ = {isa = PBXBuildFile; fileRef = 4C956BC819435F9200CA299D /* AssetsLibrary.framework */; };
		4C956BCC194368C600CA299D /* NewPhotoViewController.m in Sources */ = {isa = PBXBuildFile; fileRef = 4C956BCB194368C600CA299D /* NewPhotoViewController.m */; };
		4CC6EA701944EA9F00582054 /* NoPhotosViewController.m in Sources */ = {isa = PBXBuildFile; fileRef = 4CC6EA6F1944EA9F00582054 /* NoPhotosViewController.m */; };
		4CCA8FC51943362B00A3055B /* Foundation.framework in Frameworks */ = {isa = PBXBuildFile; fileRef = 4CCA8FC41943362B00A3055B /* Foundation.framework */; };
		4CCA8FC71943362B00A3055B /* CoreGraphics.framework in Frameworks */ = {isa = PBXBuildFile; fileRef = 4CCA8FC61943362B00A3055B /* CoreGraphics.framework */; };
		4CCA8FC91943362B00A3055B /* UIKit.framework in Frameworks */ = {isa = PBXBuildFile; fileRef = 4CCA8FC81943362B00A3055B /* UIKit.framework */; };
		4CCA8FCF1943362B00A3055B /* InfoPlist.strings in Resources */ = {isa = PBXBuildFile; fileRef = 4CCA8FCD1943362B00A3055B /* InfoPlist.strings */; };
		4CCA8FD11943362B00A3055B /* main.m in Sources */ = {isa = PBXBuildFile; fileRef = 4CCA8FD01943362B00A3055B /* main.m */; };
		4CCA8FD51943362B00A3055B /* AppDelegate.m in Sources */ = {isa = PBXBuildFile; fileRef = 4CCA8FD41943362B00A3055B /* AppDelegate.m */; };
		4CCA8FD81943362B00A3055B /* Main_iPhone.storyboard in Resources */ = {isa = PBXBuildFile; fileRef = 4CCA8FD61943362B00A3055B /* Main_iPhone.storyboard */; };
		4CCA8FDB1943362B00A3055B /* Main_iPad.storyboard in Resources */ = {isa = PBXBuildFile; fileRef = 4CCA8FD91943362B00A3055B /* Main_iPad.storyboard */; };
		4CCA8FE01943362B00A3055B /* Images.xcassets in Resources */ = {isa = PBXBuildFile; fileRef = 4CCA8FDF1943362B00A3055B /* Images.xcassets */; };
		4CCA8FE71943362B00A3055B /* XCTest.framework in Frameworks */ = {isa = PBXBuildFile; fileRef = 4CCA8FE61943362B00A3055B /* XCTest.framework */; };
		4CCA8FE81943362B00A3055B /* Foundation.framework in Frameworks */ = {isa = PBXBuildFile; fileRef = 4CCA8FC41943362B00A3055B /* Foundation.framework */; };
		4CCA8FE91943362B00A3055B /* UIKit.framework in Frameworks */ = {isa = PBXBuildFile; fileRef = 4CCA8FC81943362B00A3055B /* UIKit.framework */; };
		4CCA8FF11943362B00A3055B /* InfoPlist.strings in Resources */ = {isa = PBXBuildFile; fileRef = 4CCA8FEF1943362B00A3055B /* InfoPlist.strings */; };
		4CCA8FF31943362B00A3055B /* BodyShotsTests.m in Sources */ = {isa = PBXBuildFile; fileRef = 4CCA8FF21943362B00A3055B /* BodyShotsTests.m */; };
		4CCA8FFE1943375200A3055B /* TimelineViewController.m in Sources */ = {isa = PBXBuildFile; fileRef = 4CCA8FFD1943375200A3055B /* TimelineViewController.m */; };
		4CCA90011943387500A3055B /* PhotoAlbum.m in Sources */ = {isa = PBXBuildFile; fileRef = 4CCA90001943387500A3055B /* PhotoAlbum.m */; };
		4CCA90041943398E00A3055B /* PhotoViewController.m in Sources */ = {isa = PBXBuildFile; fileRef = 4CCA90031943398E00A3055B /* PhotoViewController.m */; };
		4CCA90071943532600A3055B /* ImportSelectPhotosViewController.m in Sources */ = {isa = PBXBuildFile; fileRef = 4CCA90061943532600A3055B /* ImportSelectPhotosViewController.m */; };
		4CE058A119448AAB007D01CB /* SetupImportPhotosViewController.m in Sources */ = {isa = PBXBuildFile; fileRef = 4CE058A019448AAB007D01CB /* SetupImportPhotosViewController.m */; };
		4CF42D7019448F7D00F00C4E /* ImportProcessingPhotosViewController.m in Sources */ = {isa = PBXBuildFile; fileRef = 4CF42D6F19448F7D00F00C4E /* ImportProcessingPhotosViewController.m */; };
/* End PBXBuildFile section */

/* Begin PBXContainerItemProxy section */
		4CCA8FEA1943362B00A3055B /* PBXContainerItemProxy */ = {
			isa = PBXContainerItemProxy;
			containerPortal = 4CCA8FB91943362A00A3055B /* Project object */;
			proxyType = 1;
			remoteGlobalIDString = 4CCA8FC01943362A00A3055B;
			remoteInfo = BodyShots;
		};
/* End PBXContainerItemProxy section */

/* Begin PBXFileReference section */
		4437FC3C3AAE4BA196FCA684 /* libPods-BodyShots.a */ = {isa = PBXFileReference; explicitFileType = archive.ar; includeInIndex = 0; path = "libPods-BodyShots.a"; sourceTree = BUILT_PRODUCTS_DIR; };
		4C850D6C194496010005A492 /* FinishSetupViewController.h */ = {isa = PBXFileReference; fileEncoding = 4; lastKnownFileType = sourcecode.c.h; path = FinishSetupViewController.h; sourceTree = "<group>"; };
		4C850D6D194496010005A492 /* FinishSetupViewController.m */ = {isa = PBXFileReference; fileEncoding = 4; lastKnownFileType = sourcecode.c.objc; path = FinishSetupViewController.m; sourceTree = "<group>"; };
		4C850D6F194498520005A492 /* ImportFinishedViewController.h */ = {isa = PBXFileReference; fileEncoding = 4; lastKnownFileType = sourcecode.c.h; path = ImportFinishedViewController.h; sourceTree = "<group>"; };
		4C850D70194498520005A492 /* ImportFinishedViewController.m */ = {isa = PBXFileReference; fileEncoding = 4; lastKnownFileType = sourcecode.c.objc; path = ImportFinishedViewController.m; sourceTree = "<group>"; };
		4C850D731944A1AA0005A492 /* NSArray+Functional.h */ = {isa = PBXFileReference; fileEncoding = 4; lastKnownFileType = sourcecode.c.h; path = "NSArray+Functional.h"; sourceTree = "<group>"; };
		4C850D741944A1AA0005A492 /* NSArray+Functional.m */ = {isa = PBXFileReference; fileEncoding = 4; lastKnownFileType = sourcecode.c.objc; path = "NSArray+Functional.m"; sourceTree = "<group>"; };
		4C956BC819435F9200CA299D /* AssetsLibrary.framework */ = {isa = PBXFileReference; lastKnownFileType = wrapper.framework; name = AssetsLibrary.framework; path = System/Library/Frameworks/AssetsLibrary.framework; sourceTree = SDKROOT; };
		4C956BCA194368C600CA299D /* NewPhotoViewController.h */ = {isa = PBXFileReference; fileEncoding = 4; lastKnownFileType = sourcecode.c.h; path = NewPhotoViewController.h; sourceTree = "<group>"; };
		4C956BCB194368C600CA299D /* NewPhotoViewController.m */ = {isa = PBXFileReference; fileEncoding = 4; lastKnownFileType = sourcecode.c.objc; path = NewPhotoViewController.m; sourceTree = "<group>"; };
		4CC6EA6E1944EA9F00582054 /* NoPhotosViewController.h */ = {isa = PBXFileReference; fileEncoding = 4; lastKnownFileType = sourcecode.c.h; path = NoPhotosViewController.h; sourceTree = "<group>"; };
		4CC6EA6F1944EA9F00582054 /* NoPhotosViewController.m */ = {isa = PBXFileReference; fileEncoding = 4; lastKnownFileType = sourcecode.c.objc; path = NoPhotosViewController.m; sourceTree = "<group>"; };
		4CCA8FC11943362A00A3055B /* BodyShots.app */ = {isa = PBXFileReference; explicitFileType = wrapper.application; includeInIndex = 0; path = BodyShots.app; sourceTree = BUILT_PRODUCTS_DIR; };
		4CCA8FC41943362B00A3055B /* Foundation.framework */ = {isa = PBXFileReference; lastKnownFileType = wrapper.framework; name = Foundation.framework; path = System/Library/Frameworks/Foundation.framework; sourceTree = SDKROOT; };
		4CCA8FC61943362B00A3055B /* CoreGraphics.framework */ = {isa = PBXFileReference; lastKnownFileType = wrapper.framework; name = CoreGraphics.framework; path = System/Library/Frameworks/CoreGraphics.framework; sourceTree = SDKROOT; };
		4CCA8FC81943362B00A3055B /* UIKit.framework */ = {isa = PBXFileReference; lastKnownFileType = wrapper.framework; name = UIKit.framework; path = System/Library/Frameworks/UIKit.framework; sourceTree = SDKROOT; };
		4CCA8FCC1943362B00A3055B /* BodyShots-Info.plist */ = {isa = PBXFileReference; lastKnownFileType = text.plist.xml; path = "BodyShots-Info.plist"; sourceTree = "<group>"; };
		4CCA8FCE1943362B00A3055B /* en */ = {isa = PBXFileReference; lastKnownFileType = text.plist.strings; name = en; path = en.lproj/InfoPlist.strings; sourceTree = "<group>"; };
		4CCA8FD01943362B00A3055B /* main.m */ = {isa = PBXFileReference; lastKnownFileType = sourcecode.c.objc; path = main.m; sourceTree = "<group>"; };
		4CCA8FD21943362B00A3055B /* BodyShots-Prefix.pch */ = {isa = PBXFileReference; lastKnownFileType = sourcecode.c.h; path = "BodyShots-Prefix.pch"; sourceTree = "<group>"; };
		4CCA8FD31943362B00A3055B /* AppDelegate.h */ = {isa = PBXFileReference; lastKnownFileType = sourcecode.c.h; path = AppDelegate.h; sourceTree = "<group>"; };
		4CCA8FD41943362B00A3055B /* AppDelegate.m */ = {isa = PBXFileReference; lastKnownFileType = sourcecode.c.objc; path = AppDelegate.m; sourceTree = "<group>"; };
		4CCA8FD71943362B00A3055B /* Base */ = {isa = PBXFileReference; lastKnownFileType = file.storyboard; name = Base; path = Base.lproj/Main_iPhone.storyboard; sourceTree = "<group>"; };
		4CCA8FDA1943362B00A3055B /* Base */ = {isa = PBXFileReference; lastKnownFileType = file.storyboard; name = Base; path = Base.lproj/Main_iPad.storyboard; sourceTree = "<group>"; };
		4CCA8FDF1943362B00A3055B /* Images.xcassets */ = {isa = PBXFileReference; lastKnownFileType = folder.assetcatalog; path = Images.xcassets; sourceTree = "<group>"; };
		4CCA8FE51943362B00A3055B /* BodyShotsTests.xctest */ = {isa = PBXFileReference; explicitFileType = wrapper.cfbundle; includeInIndex = 0; path = BodyShotsTests.xctest; sourceTree = BUILT_PRODUCTS_DIR; };
		4CCA8FE61943362B00A3055B /* XCTest.framework */ = {isa = PBXFileReference; lastKnownFileType = wrapper.framework; name = XCTest.framework; path = Library/Frameworks/XCTest.framework; sourceTree = DEVELOPER_DIR; };
		4CCA8FEE1943362B00A3055B /* BodyShotsTests-Info.plist */ = {isa = PBXFileReference; lastKnownFileType = text.plist.xml; path = "BodyShotsTests-Info.plist"; sourceTree = "<group>"; };
		4CCA8FF01943362B00A3055B /* en */ = {isa = PBXFileReference; lastKnownFileType = text.plist.strings; name = en; path = en.lproj/InfoPlist.strings; sourceTree = "<group>"; };
		4CCA8FF21943362B00A3055B /* BodyShotsTests.m */ = {isa = PBXFileReference; lastKnownFileType = sourcecode.c.objc; path = BodyShotsTests.m; sourceTree = "<group>"; };
		4CCA8FFC1943375200A3055B /* TimelineViewController.h */ = {isa = PBXFileReference; fileEncoding = 4; lastKnownFileType = sourcecode.c.h; path = TimelineViewController.h; sourceTree = "<group>"; };
		4CCA8FFD1943375200A3055B /* TimelineViewController.m */ = {isa = PBXFileReference; fileEncoding = 4; lastKnownFileType = sourcecode.c.objc; path = TimelineViewController.m; sourceTree = "<group>"; };
		4CCA8FFF1943387500A3055B /* PhotoAlbum.h */ = {isa = PBXFileReference; fileEncoding = 4; lastKnownFileType = sourcecode.c.h; path = PhotoAlbum.h; sourceTree = "<group>"; };
		4CCA90001943387500A3055B /* PhotoAlbum.m */ = {isa = PBXFileReference; fileEncoding = 4; lastKnownFileType = sourcecode.c.objc; path = PhotoAlbum.m; sourceTree = "<group>"; };
		4CCA90021943398E00A3055B /* PhotoViewController.h */ = {isa = PBXFileReference; fileEncoding = 4; lastKnownFileType = sourcecode.c.h; path = PhotoViewController.h; sourceTree = "<group>"; };
		4CCA90031943398E00A3055B /* PhotoViewController.m */ = {isa = PBXFileReference; fileEncoding = 4; lastKnownFileType = sourcecode.c.objc; path = PhotoViewController.m; sourceTree = "<group>"; };
		4CCA90051943532600A3055B /* ImportSelectPhotosViewController.h */ = {isa = PBXFileReference; fileEncoding = 4; lastKnownFileType = sourcecode.c.h; path = ImportSelectPhotosViewController.h; sourceTree = "<group>"; };
		4CCA90061943532600A3055B /* ImportSelectPhotosViewController.m */ = {isa = PBXFileReference; fileEncoding = 4; lastKnownFileType = sourcecode.c.objc; path = ImportSelectPhotosViewController.m; sourceTree = "<group>"; };
		4CE0589F19448AAB007D01CB /* SetupImportPhotosViewController.h */ = {isa = PBXFileReference; fileEncoding = 4; lastKnownFileType = sourcecode.c.h; path = SetupImportPhotosViewController.h; sourceTree = "<group>"; };
		4CE058A019448AAB007D01CB /* SetupImportPhotosViewController.m */ = {isa = PBXFileReference; fileEncoding = 4; lastKnownFileType = sourcecode.c.objc; path = SetupImportPhotosViewController.m; sourceTree = "<group>"; };
		4CF42D6E19448F7D00F00C4E /* ImportProcessingPhotosViewController.h */ = {isa = PBXFileReference; fileEncoding = 4; lastKnownFileType = sourcecode.c.h; path = ImportProcessingPhotosViewController.h; sourceTree = "<group>"; };
		4CF42D6F19448F7D00F00C4E /* ImportProcessingPhotosViewController.m */ = {isa = PBXFileReference; fileEncoding = 4; lastKnownFileType = sourcecode.c.objc; path = ImportProcessingPhotosViewController.m; sourceTree = "<group>"; };
		BD7C404E9BD74F1091FE0EE0 /* Pods-BodyShots.xcconfig */ = {isa = PBXFileReference; includeInIndex = 1; lastKnownFileType = text.xcconfig; name = "Pods-BodyShots.xcconfig"; path = "Pods/Pods-BodyShots.xcconfig"; sourceTree = "<group>"; };
/* End PBXFileReference section */

/* Begin PBXFrameworksBuildPhase section */
		4CCA8FBE1943362A00A3055B /* Frameworks */ = {
			isa = PBXFrameworksBuildPhase;
			buildActionMask = 2147483647;
			files = (
				4C956BC919435F9200CA299D /* AssetsLibrary.framework in Frameworks */,
				4CCA8FC71943362B00A3055B /* CoreGraphics.framework in Frameworks */,
				4CCA8FC91943362B00A3055B /* UIKit.framework in Frameworks */,
				4CCA8FC51943362B00A3055B /* Foundation.framework in Frameworks */,
				20B771C519864D7092D40871 /* libPods-BodyShots.a in Frameworks */,
			);
			runOnlyForDeploymentPostprocessing = 0;
		};
		4CCA8FE21943362B00A3055B /* Frameworks */ = {
			isa = PBXFrameworksBuildPhase;
			buildActionMask = 2147483647;
			files = (
				4CCA8FE71943362B00A3055B /* XCTest.framework in Frameworks */,
				4CCA8FE91943362B00A3055B /* UIKit.framework in Frameworks */,
				4CCA8FE81943362B00A3055B /* Foundation.framework in Frameworks */,
			);
			runOnlyForDeploymentPostprocessing = 0;
		};
/* End PBXFrameworksBuildPhase section */

/* Begin PBXGroup section */
		4C850D6B194495F60005A492 /* End */ = {
			isa = PBXGroup;
			children = (
				4C850D6C194496010005A492 /* FinishSetupViewController.h */,
				4C850D6D194496010005A492 /* FinishSetupViewController.m */,
			);
			name = End;
			sourceTree = "<group>";
		};
		4C850D721944A1990005A492 /* Extensions */ = {
			isa = PBXGroup;
			children = (
				4C850D731944A1AA0005A492 /* NSArray+Functional.h */,
				4C850D741944A1AA0005A492 /* NSArray+Functional.m */,
			);
			name = Extensions;
			sourceTree = "<group>";
		};
		4CC6EA6D1944EA9100582054 /* Timeline */ = {
			isa = PBXGroup;
			children = (
				4CCA8FFC1943375200A3055B /* TimelineViewController.h */,
				4CCA8FFD1943375200A3055B /* TimelineViewController.m */,
				4CCA90021943398E00A3055B /* PhotoViewController.h */,
				4CCA90031943398E00A3055B /* PhotoViewController.m */,
				4CC6EA6E1944EA9F00582054 /* NoPhotosViewController.h */,
				4CC6EA6F1944EA9F00582054 /* NoPhotosViewController.m */,
			);
			name = Timeline;
			sourceTree = "<group>";
		};
		4CC6EA711944F2C600582054 /* New Photo */ = {
			isa = PBXGroup;
			children = (
				4C956BCA194368C600CA299D /* NewPhotoViewController.h */,
				4C956BCB194368C600CA299D /* NewPhotoViewController.m */,
			);
			name = "New Photo";
			sourceTree = "<group>";
		};
		4CCA8FB81943362A00A3055B = {
			isa = PBXGroup;
			children = (
				4CCA8FCA1943362B00A3055B /* BodyShots */,
				4CCA8FEC1943362B00A3055B /* BodyShotsTests */,
				4CCA8FC31943362A00A3055B /* Frameworks */,
				4CCA8FC21943362A00A3055B /* Products */,
				BD7C404E9BD74F1091FE0EE0 /* Pods-BodyShots.xcconfig */,
			);
			sourceTree = "<group>";
		};
		4CCA8FC21943362A00A3055B /* Products */ = {
			isa = PBXGroup;
			children = (
				4CCA8FC11943362A00A3055B /* BodyShots.app */,
				4CCA8FE51943362B00A3055B /* BodyShotsTests.xctest */,
			);
			name = Products;
			sourceTree = "<group>";
		};
		4CCA8FC31943362A00A3055B /* Frameworks */ = {
			isa = PBXGroup;
			children = (
				4C956BC819435F9200CA299D /* AssetsLibrary.framework */,
				4CCA8FC41943362B00A3055B /* Foundation.framework */,
				4CCA8FC61943362B00A3055B /* CoreGraphics.framework */,
				4CCA8FC81943362B00A3055B /* UIKit.framework */,
				4CCA8FE61943362B00A3055B /* XCTest.framework */,
				4437FC3C3AAE4BA196FCA684 /* libPods-BodyShots.a */,
			);
			name = Frameworks;
			sourceTree = "<group>";
		};
		4CCA8FCA1943362B00A3055B /* BodyShots */ = {
			isa = PBXGroup;
			children = (
				4CC6EA711944F2C600582054 /* New Photo */,
				4CC6EA6D1944EA9100582054 /* Timeline */,
				4C850D721944A1990005A492 /* Extensions */,
				4CF42D6C19448F5300F00C4E /* Setup */,
				4CCA8FD31943362B00A3055B /* AppDelegate.h */,
				4CCA8FD41943362B00A3055B /* AppDelegate.m */,
				4CCA8FD61943362B00A3055B /* Main_iPhone.storyboard */,
				4CCA8FD91943362B00A3055B /* Main_iPad.storyboard */,
				4CCA8FDF1943362B00A3055B /* Images.xcassets */,
				4CCA8FCB1943362B00A3055B /* Supporting Files */,
				4CCA8FFF1943387500A3055B /* PhotoAlbum.h */,
				4CCA90001943387500A3055B /* PhotoAlbum.m */,
			);
			path = BodyShots;
			sourceTree = "<group>";
		};
		4CCA8FCB1943362B00A3055B /* Supporting Files */ = {
			isa = PBXGroup;
			children = (
				4CCA8FCC1943362B00A3055B /* BodyShots-Info.plist */,
				4CCA8FCD1943362B00A3055B /* InfoPlist.strings */,
				4CCA8FD01943362B00A3055B /* main.m */,
				4CCA8FD21943362B00A3055B /* BodyShots-Prefix.pch */,
			);
			name = "Supporting Files";
			sourceTree = "<group>";
		};
		4CCA8FEC1943362B00A3055B /* BodyShotsTests */ = {
			isa = PBXGroup;
			children = (
				4CCA8FF21943362B00A3055B /* BodyShotsTests.m */,
				4CCA8FED1943362B00A3055B /* Supporting Files */,
			);
			path = BodyShotsTests;
			sourceTree = "<group>";
		};
		4CCA8FED1943362B00A3055B /* Supporting Files */ = {
			isa = PBXGroup;
			children = (
				4CCA8FEE1943362B00A3055B /* BodyShotsTests-Info.plist */,
				4CCA8FEF1943362B00A3055B /* InfoPlist.strings */,
			);
			name = "Supporting Files";
			sourceTree = "<group>";
		};
		4CF42D6C19448F5300F00C4E /* Setup */ = {
			isa = PBXGroup;
			children = (
				4C850D6B194495F60005A492 /* End */,
				4CF42D6D19448F5A00F00C4E /* Import */,
			);
			name = Setup;
			sourceTree = "<group>";
		};
		4CF42D6D19448F5A00F00C4E /* Import */ = {
			isa = PBXGroup;
			children = (
				4CE0589F19448AAB007D01CB /* SetupImportPhotosViewController.h */,
				4CE058A019448AAB007D01CB /* SetupImportPhotosViewController.m */,
				4CCA90051943532600A3055B /* ImportSelectPhotosViewController.h */,
				4CCA90061943532600A3055B /* ImportSelectPhotosViewController.m */,
				4CF42D6E19448F7D00F00C4E /* ImportProcessingPhotosViewController.h */,
				4CF42D6F19448F7D00F00C4E /* ImportProcessingPhotosViewController.m */,
				4C850D6F194498520005A492 /* ImportFinishedViewController.h */,
				4C850D70194498520005A492 /* ImportFinishedViewController.m */,
			);
			name = Import;
			sourceTree = "<group>";
		};
/* End PBXGroup section */

/* Begin PBXNativeTarget section */
		4CCA8FC01943362A00A3055B /* BodyShots */ = {
			isa = PBXNativeTarget;
			buildConfigurationList = 4CCA8FF61943362B00A3055B /* Build configuration list for PBXNativeTarget "BodyShots" */;
			buildPhases = (
				407AD44E3C1A4BD29D99C11F /* Check Pods Manifest.lock */,
				4CCA8FBD1943362A00A3055B /* Sources */,
				4CCA8FBE1943362A00A3055B /* Frameworks */,
				4CCA8FBF1943362A00A3055B /* Resources */,
				736FE50C331D4D888B9084BE /* Copy Pods Resources */,
			);
			buildRules = (
			);
			dependencies = (
			);
			name = BodyShots;
			productName = BodyShots;
			productReference = 4CCA8FC11943362A00A3055B /* BodyShots.app */;
			productType = "com.apple.product-type.application";
		};
		4CCA8FE41943362B00A3055B /* BodyShotsTests */ = {
			isa = PBXNativeTarget;
			buildConfigurationList = 4CCA8FF91943362B00A3055B /* Build configuration list for PBXNativeTarget "BodyShotsTests" */;
			buildPhases = (
				4CCA8FE11943362B00A3055B /* Sources */,
				4CCA8FE21943362B00A3055B /* Frameworks */,
				4CCA8FE31943362B00A3055B /* Resources */,
			);
			buildRules = (
			);
			dependencies = (
				4CCA8FEB1943362B00A3055B /* PBXTargetDependency */,
			);
			name = BodyShotsTests;
			productName = BodyShotsTests;
			productReference = 4CCA8FE51943362B00A3055B /* BodyShotsTests.xctest */;
			productType = "com.apple.product-type.bundle.unit-test";
		};
/* End PBXNativeTarget section */

/* Begin PBXProject section */
		4CCA8FB91943362A00A3055B /* Project object */ = {
			isa = PBXProject;
			attributes = {
				LastUpgradeCheck = 0510;
				ORGANIZATIONNAME = Studio;
				TargetAttributes = {
					4CCA8FE41943362B00A3055B = {
						TestTargetID = 4CCA8FC01943362A00A3055B;
					};
				};
			};
			buildConfigurationList = 4CCA8FBC1943362A00A3055B /* Build configuration list for PBXProject "BodyShots" */;
			compatibilityVersion = "Xcode 3.2";
			developmentRegion = English;
			hasScannedForEncodings = 0;
			knownRegions = (
				en,
				Base,
			);
			mainGroup = 4CCA8FB81943362A00A3055B;
			productRefGroup = 4CCA8FC21943362A00A3055B /* Products */;
			projectDirPath = "";
			projectRoot = "";
			targets = (
				4CCA8FC01943362A00A3055B /* BodyShots */,
				4CCA8FE41943362B00A3055B /* BodyShotsTests */,
			);
		};
/* End PBXProject section */

/* Begin PBXResourcesBuildPhase section */
		4CCA8FBF1943362A00A3055B /* Resources */ = {
			isa = PBXResourcesBuildPhase;
			buildActionMask = 2147483647;
			files = (
				4CCA8FDB1943362B00A3055B /* Main_iPad.storyboard in Resources */,
				4CCA8FE01943362B00A3055B /* Images.xcassets in Resources */,
				4CCA8FD81943362B00A3055B /* Main_iPhone.storyboard in Resources */,
				4CCA8FCF1943362B00A3055B /* InfoPlist.strings in Resources */,
			);
			runOnlyForDeploymentPostprocessing = 0;
		};
		4CCA8FE31943362B00A3055B /* Resources */ = {
			isa = PBXResourcesBuildPhase;
			buildActionMask = 2147483647;
			files = (
				4CCA8FF11943362B00A3055B /* InfoPlist.strings in Resources */,
			);
			runOnlyForDeploymentPostprocessing = 0;
		};
/* End PBXResourcesBuildPhase section */

/* Begin PBXShellScriptBuildPhase section */
		407AD44E3C1A4BD29D99C11F /* Check Pods Manifest.lock */ = {
			isa = PBXShellScriptBuildPhase;
			buildActionMask = 2147483647;
			files = (
			);
			inputPaths = (
			);
			name = "Check Pods Manifest.lock";
			outputPaths = (
			);
			runOnlyForDeploymentPostprocessing = 0;
			shellPath = /bin/sh;
			shellScript = "diff \"${PODS_ROOT}/../Podfile.lock\" \"${PODS_ROOT}/Manifest.lock\" > /dev/null\nif [[ $? != 0 ]] ; then\n    cat << EOM\nerror: The sandbox is not in sync with the Podfile.lock. Run 'pod install' or update your CocoaPods installation.\nEOM\n    exit 1\nfi\n";
			showEnvVarsInLog = 0;
		};
		736FE50C331D4D888B9084BE /* Copy Pods Resources */ = {
			isa = PBXShellScriptBuildPhase;
			buildActionMask = 2147483647;
			files = (
			);
			inputPaths = (
			);
			name = "Copy Pods Resources";
			outputPaths = (
			);
			runOnlyForDeploymentPostprocessing = 0;
			shellPath = /bin/sh;
			shellScript = "\"${SRCROOT}/Pods/Pods-BodyShots-resources.sh\"\n";
			showEnvVarsInLog = 0;
		};
/* End PBXShellScriptBuildPhase section */

/* Begin PBXSourcesBuildPhase section */
		4CCA8FBD1943362A00A3055B /* Sources */ = {
			isa = PBXSourcesBuildPhase;
			buildActionMask = 2147483647;
			files = (
				4C956BCC194368C600CA299D /* NewPhotoViewController.m in Sources */,
				4CC6EA701944EA9F00582054 /* NoPhotosViewController.m in Sources */,
				4CCA90011943387500A3055B /* PhotoAlbum.m in Sources */,
				4CCA8FFE1943375200A3055B /* TimelineViewController.m in Sources */,
				4C850D6E194496010005A492 /* FinishSetupViewController.m in Sources */,
				4CCA90071943532600A3055B /* ImportSelectPhotosViewController.m in Sources */,
				4C850D751944A1AA0005A492 /* NSArray+Functional.m in Sources */,
				4CE058A119448AAB007D01CB /* SetupImportPhotosViewController.m in Sources */,
				4C850D71194498520005A492 /* ImportFinishedViewController.m in Sources */,
				4CF42D7019448F7D00F00C4E /* ImportProcessingPhotosViewController.m in Sources */,
				4CCA90041943398E00A3055B /* PhotoViewController.m in Sources */,
				4CCA8FD51943362B00A3055B /* AppDelegate.m in Sources */,
				4CCA8FD11943362B00A3055B /* main.m in Sources */,
			);
			runOnlyForDeploymentPostprocessing = 0;
		};
		4CCA8FE11943362B00A3055B /* Sources */ = {
			isa = PBXSourcesBuildPhase;
			buildActionMask = 2147483647;
			files = (
				4CCA8FF31943362B00A3055B /* BodyShotsTests.m in Sources */,
			);
			runOnlyForDeploymentPostprocessing = 0;
		};
/* End PBXSourcesBuildPhase section */

/* Begin PBXTargetDependency section */
		4CCA8FEB1943362B00A3055B /* PBXTargetDependency */ = {
			isa = PBXTargetDependency;
			target = 4CCA8FC01943362A00A3055B /* BodyShots */;
			targetProxy = 4CCA8FEA1943362B00A3055B /* PBXContainerItemProxy */;
		};
/* End PBXTargetDependency section */

/* Begin PBXVariantGroup section */
		4CCA8FCD1943362B00A3055B /* InfoPlist.strings */ = {
			isa = PBXVariantGroup;
			children = (
				4CCA8FCE1943362B00A3055B /* en */,
			);
			name = InfoPlist.strings;
			sourceTree = "<group>";
		};
		4CCA8FD61943362B00A3055B /* Main_iPhone.storyboard */ = {
			isa = PBXVariantGroup;
			children = (
				4CCA8FD71943362B00A3055B /* Base */,
			);
			name = Main_iPhone.storyboard;
			sourceTree = "<group>";
		};
		4CCA8FD91943362B00A3055B /* Main_iPad.storyboard */ = {
			isa = PBXVariantGroup;
			children = (
				4CCA8FDA1943362B00A3055B /* Base */,
			);
			name = Main_iPad.storyboard;
			sourceTree = "<group>";
		};
		4CCA8FEF1943362B00A3055B /* InfoPlist.strings */ = {
			isa = PBXVariantGroup;
			children = (
				4CCA8FF01943362B00A3055B /* en */,
			);
			name = InfoPlist.strings;
			sourceTree = "<group>";
		};
/* End PBXVariantGroup section */

/* Begin XCBuildConfiguration section */
		4CCA8FF41943362B00A3055B /* Debug */ = {
			isa = XCBuildConfiguration;
			buildSettings = {
				ALWAYS_SEARCH_USER_PATHS = NO;
				CLANG_CXX_LANGUAGE_STANDARD = "gnu++0x";
				CLANG_CXX_LIBRARY = "libc++";
				CLANG_ENABLE_MODULES = YES;
				CLANG_ENABLE_OBJC_ARC = YES;
				CLANG_WARN_BOOL_CONVERSION = YES;
				CLANG_WARN_CONSTANT_CONVERSION = YES;
				CLANG_WARN_DIRECT_OBJC_ISA_USAGE = YES_ERROR;
				CLANG_WARN_EMPTY_BODY = YES;
				CLANG_WARN_ENUM_CONVERSION = YES;
				CLANG_WARN_INT_CONVERSION = YES;
				CLANG_WARN_OBJC_ROOT_CLASS = YES_ERROR;
				CLANG_WARN__DUPLICATE_METHOD_MATCH = YES;
				"CODE_SIGN_IDENTITY[sdk=iphoneos*]" = "iPhone Developer";
				COPY_PHASE_STRIP = NO;
				GCC_C_LANGUAGE_STANDARD = gnu99;
				GCC_DYNAMIC_NO_PIC = NO;
				GCC_OPTIMIZATION_LEVEL = 0;
				GCC_PREPROCESSOR_DEFINITIONS = (
					"DEBUG=1",
					"$(inherited)",
				);
				GCC_SYMBOLS_PRIVATE_EXTERN = NO;
				GCC_WARN_64_TO_32_BIT_CONVERSION = YES;
				GCC_WARN_ABOUT_RETURN_TYPE = YES_ERROR;
				GCC_WARN_UNDECLARED_SELECTOR = YES;
				GCC_WARN_UNINITIALIZED_AUTOS = YES_AGGRESSIVE;
				GCC_WARN_UNUSED_FUNCTION = YES;
				GCC_WARN_UNUSED_VARIABLE = YES;
				IPHONEOS_DEPLOYMENT_TARGET = 7.1;
				ONLY_ACTIVE_ARCH = YES;
				SDKROOT = iphoneos;
				TARGETED_DEVICE_FAMILY = "1,2";
			};
			name = Debug;
		};
		4CCA8FF51943362B00A3055B /* Release */ = {
			isa = XCBuildConfiguration;
			buildSettings = {
				ALWAYS_SEARCH_USER_PATHS = NO;
				CLANG_CXX_LANGUAGE_STANDARD = "gnu++0x";
				CLANG_CXX_LIBRARY = "libc++";
				CLANG_ENABLE_MODULES = YES;
				CLANG_ENABLE_OBJC_ARC = YES;
				CLANG_WARN_BOOL_CONVERSION = YES;
				CLANG_WARN_CONSTANT_CONVERSION = YES;
				CLANG_WARN_DIRECT_OBJC_ISA_USAGE = YES_ERROR;
				CLANG_WARN_EMPTY_BODY = YES;
				CLANG_WARN_ENUM_CONVERSION = YES;
				CLANG_WARN_INT_CONVERSION = YES;
				CLANG_WARN_OBJC_ROOT_CLASS = YES_ERROR;
				CLANG_WARN__DUPLICATE_METHOD_MATCH = YES;
				"CODE_SIGN_IDENTITY[sdk=iphoneos*]" = "iPhone Developer";
				COPY_PHASE_STRIP = YES;
				ENABLE_NS_ASSERTIONS = NO;
				GCC_C_LANGUAGE_STANDARD = gnu99;
				GCC_WARN_64_TO_32_BIT_CONVERSION = YES;
				GCC_WARN_ABOUT_RETURN_TYPE = YES_ERROR;
				GCC_WARN_UNDECLARED_SELECTOR = YES;
				GCC_WARN_UNINITIALIZED_AUTOS = YES_AGGRESSIVE;
				GCC_WARN_UNUSED_FUNCTION = YES;
				GCC_WARN_UNUSED_VARIABLE = YES;
				IPHONEOS_DEPLOYMENT_TARGET = 7.1;
				SDKROOT = iphoneos;
				TARGETED_DEVICE_FAMILY = "1,2";
				VALIDATE_PRODUCT = YES;
			};
			name = Release;
		};
		4CCA8FF71943362B00A3055B /* Debug */ = {
			isa = XCBuildConfiguration;
			baseConfigurationReference = BD7C404E9BD74F1091FE0EE0 /* Pods-BodyShots.xcconfig */;
			buildSettings = {
				ASSETCATALOG_COMPILER_APPICON_NAME = AppIcon;
				ASSETCATALOG_COMPILER_LAUNCHIMAGE_NAME = LaunchImage;
				GCC_PRECOMPILE_PREFIX_HEADER = YES;
				GCC_PREFIX_HEADER = "BodyShots/BodyShots-Prefix.pch";
				INFOPLIST_FILE = "BodyShots/BodyShots-Info.plist";
				PRODUCT_NAME = "$(TARGET_NAME)";
				WRAPPER_EXTENSION = app;
			};
			name = Debug;
		};
		4CCA8FF81943362B00A3055B /* Release */ = {
			isa = XCBuildConfiguration;
			baseConfigurationReference = BD7C404E9BD74F1091FE0EE0 /* Pods-BodyShots.xcconfig */;
			buildSettings = {
				ASSETCATALOG_COMPILER_APPICON_NAME = AppIcon;
				ASSETCATALOG_COMPILER_LAUNCHIMAGE_NAME = LaunchImage;
				GCC_PRECOMPILE_PREFIX_HEADER = YES;
				GCC_PREFIX_HEADER = "BodyShots/BodyShots-Prefix.pch";
				INFOPLIST_FILE = "BodyShots/BodyShots-Info.plist";
				PRODUCT_NAME = "$(TARGET_NAME)";
				WRAPPER_EXTENSION = app;
			};
			name = Release;
		};
		4CCA8FFA1943362B00A3055B /* Debug */ = {
			isa = XCBuildConfiguration;
			buildSettings = {
				BUNDLE_LOADER = "$(BUILT_PRODUCTS_DIR)/BodyShots.app/BodyShots";
				FRAMEWORK_SEARCH_PATHS = (
					"$(SDKROOT)/Developer/Library/Frameworks",
					"$(inherited)",
					"$(DEVELOPER_FRAMEWORKS_DIR)",
				);
				GCC_PRECOMPILE_PREFIX_HEADER = YES;
				GCC_PREFIX_HEADER = "BodyShots/BodyShots-Prefix.pch";
				GCC_PREPROCESSOR_DEFINITIONS = (
					"DEBUG=1",
					"$(inherited)",
				);
				INFOPLIST_FILE = "BodyShotsTests/BodyShotsTests-Info.plist";
				PRODUCT_NAME = "$(TARGET_NAME)";
				TEST_HOST = "$(BUNDLE_LOADER)";
				WRAPPER_EXTENSION = xctest;
			};
			name = Debug;
		};
		4CCA8FFB1943362B00A3055B /* Release */ = {
			isa = XCBuildConfiguration;
			buildSettings = {
				BUNDLE_LOADER = "$(BUILT_PRODUCTS_DIR)/BodyShots.app/BodyShots";
				FRAMEWORK_SEARCH_PATHS = (
					"$(SDKROOT)/Developer/Library/Frameworks",
					"$(inherited)",
					"$(DEVELOPER_FRAMEWORKS_DIR)",
				);
				GCC_PRECOMPILE_PREFIX_HEADER = YES;
				GCC_PREFIX_HEADER = "BodyShots/BodyShots-Prefix.pch";
				INFOPLIST_FILE = "BodyShotsTests/BodyShotsTests-Info.plist";
				PRODUCT_NAME = "$(TARGET_NAME)";
				TEST_HOST = "$(BUNDLE_LOADER)";
				WRAPPER_EXTENSION = xctest;
			};
			name = Release;
		};
/* End XCBuildConfiguration section */

/* Begin XCConfigurationList section */
		4CCA8FBC1943362A00A3055B /* Build configuration list for PBXProject "BodyShots" */ = {
			isa = XCConfigurationList;
			buildConfigurations = (
				4CCA8FF41943362B00A3055B /* Debug */,
				4CCA8FF51943362B00A3055B /* Release */,
			);
			defaultConfigurationIsVisible = 0;
			defaultConfigurationName = Release;
		};
		4CCA8FF61943362B00A3055B /* Build configuration list for PBXNativeTarget "BodyShots" */ = {
			isa = XCConfigurationList;
			buildConfigurations = (
				4CCA8FF71943362B00A3055B /* Debug */,
				4CCA8FF81943362B00A3055B /* Release */,
			);
			defaultConfigurationIsVisible = 0;
			defaultConfigurationName = Release;
		};
		4CCA8FF91943362B00A3055B /* Build configuration list for PBXNativeTarget "BodyShotsTests" */ = {
			isa = XCConfigurationList;
			buildConfigurations = (
				4CCA8FFA1943362B00A3055B /* Debug */,
				4CCA8FFB1943362B00A3055B /* Release */,
			);
			defaultConfigurationIsVisible = 0;
			defaultConfigurationName = Release;
		};
/* End XCConfigurationList section */
	};
	rootObject = 4CCA8FB91943362A00A3055B /* Project object */;
}
